
Microsoft Visual Studio Solution File, Format Version 12.00
# Visual Studio Version 16
VisualStudioVersion = 16.0.29728.190
MinimumVisualStudioVersion = 10.0.40219.1
Project("{888888A0-9F3D-457C-B088-3A5042F75D52}") = "checkin", "checkin\checkin.pyproj", "{02DFAA44-C9EC-40B8-BF67-AD93F22EAE7C}"
EndProject
Global
	GlobalSection(SolutionConfigurationPlatforms) = preSolution
		Debug|Any CPU = Debug|Any CPU
		Release|Any CPU = Release|Any CPU
	EndGlobalSection
	GlobalSection(ProjectConfigurationPlatforms) = postSolution
		{02DFAA44-C9EC-40B8-BF67-AD93F22EAE7C}.Debug|Any CPU.ActiveCfg = Debug|Any CPU
		{02DFAA44-C9EC-40B8-BF67-AD93F22EAE7C}.Release|Any CPU.ActiveCfg = Release|Any CPU
	EndGlobalSection
	GlobalSection(SolutionProperties) = preSolution
		HideSolutionNode = FALSE
	EndGlobalSection
	GlobalSection(ExtensibilityGlobals) = postSolution
		SolutionGuid = {1379C1A3-E217-459D-BA29-FF0A35B553D4}
	EndGlobalSection
EndGlobal
